
Microsoft Visual Studio Solution File, Format Version 12.00
# Visual Studio Version 17
VisualStudioVersion = 17.10.34928.147
MinimumVisualStudioVersion = 10.0.40219.1
Project("{FAE04EC0-301F-11D3-BF4B-00C04F79EFBC}") = "LoginScreen", "LoginScreen\LoginScreen.csproj", "{CEC00E8C-B651-477D-BD0F-3EA1279D59E4}"
EndProject
Global
	GlobalSection(SolutionConfigurationPlatforms) = preSolution
		Debug|Any CPU = Debug|Any CPU
		Release|Any CPU = Release|Any CPU
	EndGlobalSection
	GlobalSection(ProjectConfigurationPlatforms) = postSolution
		{CEC00E8C-B651-477D-BD0F-3EA1279D59E4}.Debug|Any CPU.ActiveCfg = Debug|Any CPU
		{CEC00E8C-B651-477D-BD0F-3EA1279D59E4}.Debug|Any CPU.Build.0 = Debug|Any CPU
		{CEC00E8C-B651-477D-BD0F-3EA1279D59E4}.Release|Any CPU.ActiveCfg = Release|Any CPU
		{CEC00E8C-B651-477D-BD0F-3EA1279D59E4}.Release|Any CPU.Build.0 = Release|Any CPU
	EndGlobalSection
	GlobalSection(SolutionProperties) = preSolution
		HideSolutionNode = FALSE
	EndGlobalSection
	GlobalSection(ExtensibilityGlobals) = postSolution
		SolutionGuid = {6EBB7CBB-C82A-4CDA-ABDB-62B0FC075927}
	EndGlobalSection
EndGlobal
